
Microsoft Visual Studio Solution File, Format Version 12.00
# Visual Studio 2013
VisualStudioVersion = 12.0.40629.0
MinimumVisualStudioVersion = 10.0.40219.1
Project("{FAE04EC0-301F-11D3-BF4B-00C04F79EFBC}") = "Validation", "Validation\Validation.csproj", "{BF9FD575-D5C5-43E6-8A38-19A4849E96D0}"
EndProject
Project("{FAE04EC0-301F-11D3-BF4B-00C04F79EFBC}") = "ValidationTest", "ValidationTest\ValidationTest.csproj", "{C227048A-099F-4882-9FFA-BFF0B272D312}"
EndProject
Global
	GlobalSection(SolutionConfigurationPlatforms) = preSolution
		Debug|Any CPU = Debug|Any CPU
		Release|Any CPU = Release|Any CPU
	EndGlobalSection
	GlobalSection(ProjectConfigurationPlatforms) = postSolution
		{BF9FD575-D5C5-43E6-8A38-19A4849E96D0}.Debug|Any CPU.ActiveCfg = Debug|Any CPU
		{BF9FD575-D5C5-43E6-8A38-19A4849E96D0}.Debug|Any CPU.Build.0 = Debug|Any CPU
		{BF9FD575-D5C5-43E6-8A38-19A4849E96D0}.Release|Any CPU.ActiveCfg = Release|Any CPU
		{BF9FD575-D5C5-43E6-8A38-19A4849E96D0}.Release|Any CPU.Build.0 = Release|Any CPU
		{C227048A-099F-4882-9FFA-BFF0B272D312}.Debug|Any CPU.ActiveCfg = Debug|Any CPU
		{C227048A-099F-4882-9FFA-BFF0B272D312}.Debug|Any CPU.Build.0 = Debug|Any CPU
		{C227048A-099F-4882-9FFA-BFF0B272D312}.Release|Any CPU.ActiveCfg = Release|Any CPU
		{C227048A-099F-4882-9FFA-BFF0B272D312}.Release|Any CPU.Build.0 = Release|Any CPU
	EndGlobalSection
	GlobalSection(SolutionProperties) = preSolution
		HideSolutionNode = FALSE
	EndGlobalSection
EndGlobal
